// !$*UTF8*$!
{
	archiveVersion = 1;
	classes = {
	};
	objectVersion = 50;
	objects = {

/* Begin PBXBuildFile section */
		B28D648424A69B7A0019FFEF /* AppDelegate.swift in Sources */ = {isa = PBXBuildFile; fileRef = B28D648324A69B7A0019FFEF /* AppDelegate.swift */; };
		B28D648624A69B7A0019FFEF /* SceneDelegate.swift in Sources */ = {isa = PBXBuildFile; fileRef = B28D648524A69B7A0019FFEF /* SceneDelegate.swift */; };
		B28D648824A69B7A0019FFEF /* ViewController.swift in Sources */ = {isa = PBXBuildFile; fileRef = B28D648724A69B7A0019FFEF /* ViewController.swift */; };
		B28D648D24A69B7E0019FFEF /* Assets.xcassets in Resources */ = {isa = PBXBuildFile; fileRef = B28D648C24A69B7E0019FFEF /* Assets.xcassets */; };
		B28D649024A69B7E0019FFEF /* LaunchScreen.storyboard in Resources */ = {isa = PBXBuildFile; fileRef = B28D648E24A69B7E0019FFEF /* LaunchScreen.storyboard */; };
		B28D649824A6AE2D0019FFEF /* SearchVC.swift in Sources */ = {isa = PBXBuildFile; fileRef = B28D649724A6AE2D0019FFEF /* SearchVC.swift */; };
		B28D649A24A6AE5A0019FFEF /* FavoritesListVC.swift in Sources */ = {isa = PBXBuildFile; fileRef = B28D649924A6AE5A0019FFEF /* FavoritesListVC.swift */; };
		B28D649C24A6B3C50019FFEF /* GFButton.swift in Sources */ = {isa = PBXBuildFile; fileRef = B28D649B24A6B3C50019FFEF /* GFButton.swift */; };
		B28D649E24A6C57B0019FFEF /* GFTextField.swift in Sources */ = {isa = PBXBuildFile; fileRef = B28D649D24A6C57B0019FFEF /* GFTextField.swift */; };
		B28D64A024A71A690019FFEF /* FollowerListVC.swift in Sources */ = {isa = PBXBuildFile; fileRef = B28D649F24A71A690019FFEF /* FollowerListVC.swift */; };
		B28D64A224A71FE90019FFEF /* GFTitleLabel.swift in Sources */ = {isa = PBXBuildFile; fileRef = B28D64A124A71FE90019FFEF /* GFTitleLabel.swift */; };
		B28D64A424A721D40019FFEF /* GFBodyLabel.swift in Sources */ = {isa = PBXBuildFile; fileRef = B28D64A324A721D40019FFEF /* GFBodyLabel.swift */; };
		B28D64A624A722CD0019FFEF /* GFAlertVC.swift in Sources */ = {isa = PBXBuildFile; fileRef = B28D64A524A722CD0019FFEF /* GFAlertVC.swift */; };
		B28D64A824A72AAB0019FFEF /* UIViewController+Extension.swift in Sources */ = {isa = PBXBuildFile; fileRef = B28D64A724A72AAB0019FFEF /* UIViewController+Extension.swift */; };
/* End PBXBuildFile section */

/* Begin PBXFileReference section */
		B28D648024A69B7A0019FFEF /* GHFollow.app */ = {isa = PBXFileReference; explicitFileType = wrapper.application; includeInIndex = 0; path = GHFollow.app; sourceTree = BUILT_PRODUCTS_DIR; };
		B28D648324A69B7A0019FFEF /* AppDelegate.swift */ = {isa = PBXFileReference; lastKnownFileType = sourcecode.swift; path = AppDelegate.swift; sourceTree = "<group>"; };
		B28D648524A69B7A0019FFEF /* SceneDelegate.swift */ = {isa = PBXFileReference; lastKnownFileType = sourcecode.swift; path = SceneDelegate.swift; sourceTree = "<group>"; };
		B28D648724A69B7A0019FFEF /* ViewController.swift */ = {isa = PBXFileReference; lastKnownFileType = sourcecode.swift; path = ViewController.swift; sourceTree = "<group>"; };
		B28D648C24A69B7E0019FFEF /* Assets.xcassets */ = {isa = PBXFileReference; lastKnownFileType = folder.assetcatalog; path = Assets.xcassets; sourceTree = "<group>"; };
		B28D648F24A69B7E0019FFEF /* Base */ = {isa = PBXFileReference; lastKnownFileType = file.storyboard; name = Base; path = Base.lproj/LaunchScreen.storyboard; sourceTree = "<group>"; };
		B28D649124A69B7E0019FFEF /* Info.plist */ = {isa = PBXFileReference; lastKnownFileType = text.plist.xml; path = Info.plist; sourceTree = "<group>"; };
		B28D649724A6AE2D0019FFEF /* SearchVC.swift */ = {isa = PBXFileReference; lastKnownFileType = sourcecode.swift; path = SearchVC.swift; sourceTree = "<group>"; };
		B28D649924A6AE5A0019FFEF /* FavoritesListVC.swift */ = {isa = PBXFileReference; lastKnownFileType = sourcecode.swift; path = FavoritesListVC.swift; sourceTree = "<group>"; };
		B28D649B24A6B3C50019FFEF /* GFButton.swift */ = {isa = PBXFileReference; lastKnownFileType = sourcecode.swift; path = GFButton.swift; sourceTree = "<group>"; };
		B28D649D24A6C57B0019FFEF /* GFTextField.swift */ = {isa = PBXFileReference; lastKnownFileType = sourcecode.swift; path = GFTextField.swift; sourceTree = "<group>"; };
		B28D649F24A71A690019FFEF /* FollowerListVC.swift */ = {isa = PBXFileReference; lastKnownFileType = sourcecode.swift; path = FollowerListVC.swift; sourceTree = "<group>"; };
		B28D64A124A71FE90019FFEF /* GFTitleLabel.swift */ = {isa = PBXFileReference; lastKnownFileType = sourcecode.swift; path = GFTitleLabel.swift; sourceTree = "<group>"; };
		B28D64A324A721D40019FFEF /* GFBodyLabel.swift */ = {isa = PBXFileReference; lastKnownFileType = sourcecode.swift; path = GFBodyLabel.swift; sourceTree = "<group>"; };
		B28D64A524A722CD0019FFEF /* GFAlertVC.swift */ = {isa = PBXFileReference; lastKnownFileType = sourcecode.swift; path = GFAlertVC.swift; sourceTree = "<group>"; };
		B28D64A724A72AAB0019FFEF /* UIViewController+Extension.swift */ = {isa = PBXFileReference; lastKnownFileType = sourcecode.swift; path = "UIViewController+Extension.swift"; sourceTree = "<group>"; };
/* End PBXFileReference section */

/* Begin PBXFrameworksBuildPhase section */
		B28D647D24A69B7A0019FFEF /* Frameworks */ = {
			isa = PBXFrameworksBuildPhase;
			buildActionMask = 2147483647;
			files = (
			);
			runOnlyForDeploymentPostprocessing = 0;
		};
/* End PBXFrameworksBuildPhase section */

/* Begin PBXGroup section */
		B28D647724A69B7A0019FFEF = {
			isa = PBXGroup;
			children = (
				B28D648224A69B7A0019FFEF /* GHFollow */,
				B28D648124A69B7A0019FFEF /* Products */,
			);
			sourceTree = "<group>";
		};
		B28D648124A69B7A0019FFEF /* Products */ = {
			isa = PBXGroup;
			children = (
				B28D648024A69B7A0019FFEF /* GHFollow.app */,
			);
			name = Products;
			sourceTree = "<group>";
		};
		B28D648224A69B7A0019FFEF /* GHFollow */ = {
			isa = PBXGroup;
			children = (
				B28D648324A69B7A0019FFEF /* AppDelegate.swift */,
				B28D648524A69B7A0019FFEF /* SceneDelegate.swift */,
				B28D64A524A722CD0019FFEF /* GFAlertVC.swift */,
				B28D64A724A72AAB0019FFEF /* UIViewController+Extension.swift */,
				B28D649B24A6B3C50019FFEF /* GFButton.swift */,
				B28D649D24A6C57B0019FFEF /* GFTextField.swift */,
				B28D649724A6AE2D0019FFEF /* SearchVC.swift */,
				B28D649F24A71A690019FFEF /* FollowerListVC.swift */,
				B28D648724A69B7A0019FFEF /* ViewController.swift */,
				B28D64A124A71FE90019FFEF /* GFTitleLabel.swift */,
				B28D64A324A721D40019FFEF /* GFBodyLabel.swift */,
				B28D648C24A69B7E0019FFEF /* Assets.xcassets */,
				B28D648E24A69B7E0019FFEF /* LaunchScreen.storyboard */,
				B28D649124A69B7E0019FFEF /* Info.plist */,
				B28D649924A6AE5A0019FFEF /* FavoritesListVC.swift */,
			);
			path = GHFollow;
			sourceTree = "<group>";
		};
/* End PBXGroup section */

/* Begin PBXNativeTarget section */
		B28D647F24A69B7A0019FFEF /* GHFollow */ = {
			isa = PBXNativeTarget;
			buildConfigurationList = B28D649424A69B7E0019FFEF /* Build configuration list for PBXNativeTarget "GHFollow" */;
			buildPhases = (
				B28D647C24A69B7A0019FFEF /* Sources */,
				B28D647D24A69B7A0019FFEF /* Frameworks */,
				B28D647E24A69B7A0019FFEF /* Resources */,
			);
			buildRules = (
			);
			dependencies = (
			);
			name = GHFollow;
			productName = GHFollow;
			productReference = B28D648024A69B7A0019FFEF /* GHFollow.app */;
			productType = "com.apple.product-type.application";
		};
/* End PBXNativeTarget section */

/* Begin PBXProject section */
		B28D647824A69B7A0019FFEF /* Project object */ = {
			isa = PBXProject;
			attributes = {
				LastSwiftUpdateCheck = 1150;
				LastUpgradeCheck = 1150;
				ORGANIZATIONNAME = "Saul Rivera";
				TargetAttributes = {
					B28D647F24A69B7A0019FFEF = {
						CreatedOnToolsVersion = 11.5;
					};
				};
			};
			buildConfigurationList = B28D647B24A69B7A0019FFEF /* Build configuration list for PBXProject "GHFollow" */;
			compatibilityVersion = "Xcode 9.3";
			developmentRegion = en;
			hasScannedForEncodings = 0;
			knownRegions = (
				en,
				Base,
			);
			mainGroup = B28D647724A69B7A0019FFEF;
			productRefGroup = B28D648124A69B7A0019FFEF /* Products */;
			projectDirPath = "";
			projectRoot = "";
			targets = (
				B28D647F24A69B7A0019FFEF /* GHFollow */,
			);
		};
/* End PBXProject section */

/* Begin PBXResourcesBuildPhase section */
		B28D647E24A69B7A0019FFEF /* Resources */ = {
			isa = PBXResourcesBuildPhase;
			buildActionMask = 2147483647;
			files = (
				B28D649024A69B7E0019FFEF /* LaunchScreen.storyboard in Resources */,
				B28D648D24A69B7E0019FFEF /* Assets.xcassets in Resources */,
			);
			runOnlyForDeploymentPostprocessing = 0;
		};
/* End PBXResourcesBuildPhase section */

/* Begin PBXSourcesBuildPhase section */
		B28D647C24A69B7A0019FFEF /* Sources */ = {
			isa = PBXSourcesBuildPhase;
			buildActionMask = 2147483647;
			files = (
				B28D64A824A72AAB0019FFEF /* UIViewController+Extension.swift in Sources */,
				B28D649824A6AE2D0019FFEF /* SearchVC.swift in Sources */,
				B28D648824A69B7A0019FFEF /* ViewController.swift in Sources */,
				B28D649C24A6B3C50019FFEF /* GFButton.swift in Sources */,
				B28D649A24A6AE5A0019FFEF /* FavoritesListVC.swift in Sources */,
				B28D648424A69B7A0019FFEF /* AppDelegate.swift in Sources */,
				B28D64A624A722CD0019FFEF /* GFAlertVC.swift in Sources */,
				B28D648624A69B7A0019FFEF /* SceneDelegate.swift in Sources */,
				B28D64A224A71FE90019FFEF /* GFTitleLabel.swift in Sources */,
				B28D64A024A71A690019FFEF /* FollowerListVC.swift in Sources */,
				B28D649E24A6C57B0019FFEF /* GFTextField.swift in Sources */,
				B28D64A424A721D40019FFEF /* GFBodyLabel.swift in Sources */,
			);
			runOnlyForDeploymentPostprocessing = 0;
		};
/* End PBXSourcesBuildPhase section */

/* Begin PBXVariantGroup section */
		B28D648E24A69B7E0019FFEF /* LaunchScreen.storyboard */ = {
			isa = PBXVariantGroup;
			children = (
				B28D648F24A69B7E0019FFEF /* Base */,
			);
			name = LaunchScreen.storyboard;
			sourceTree = "<group>";
		};
/* End PBXVariantGroup section */

/* Begin XCBuildConfiguration section */
		B28D649224A69B7E0019FFEF /* Debug */ = {
			isa = XCBuildConfiguration;
			buildSettings = {
				ALWAYS_SEARCH_USER_PATHS = NO;
				CLANG_ANALYZER_NONNULL = YES;
				CLANG_ANALYZER_NUMBER_OBJECT_CONVERSION = YES_AGGRESSIVE;
				CLANG_CXX_LANGUAGE_STANDARD = "gnu++14";
				CLANG_CXX_LIBRARY = "libc++";
				CLANG_ENABLE_MODULES = YES;
				CLANG_ENABLE_OBJC_ARC = YES;
				CLANG_ENABLE_OBJC_WEAK = YES;
				CLANG_WARN_BLOCK_CAPTURE_AUTORELEASING = YES;
				CLANG_WARN_BOOL_CONVERSION = YES;
				CLANG_WARN_COMMA = YES;
				CLANG_WARN_CONSTANT_CONVERSION = YES;
				CLANG_WARN_DEPRECATED_OBJC_IMPLEMENTATIONS = YES;
				CLANG_WARN_DIRECT_OBJC_ISA_USAGE = YES_ERROR;
				CLANG_WARN_DOCUMENTATION_COMMENTS = YES;
				CLANG_WARN_EMPTY_BODY = YES;
				CLANG_WARN_ENUM_CONVERSION = YES;
				CLANG_WARN_INFINITE_RECURSION = YES;
				CLANG_WARN_INT_CONVERSION = YES;
				CLANG_WARN_NON_LITERAL_NULL_CONVERSION = YES;
				CLANG_WARN_OBJC_IMPLICIT_RETAIN_SELF = YES;
				CLANG_WARN_OBJC_LITERAL_CONVERSION = YES;
				CLANG_WARN_OBJC_ROOT_CLASS = YES_ERROR;
				CLANG_WARN_RANGE_LOOP_ANALYSIS = YES;
				CLANG_WARN_STRICT_PROTOTYPES = YES;
				CLANG_WARN_SUSPICIOUS_MOVE = YES;
				CLANG_WARN_UNGUARDED_AVAILABILITY = YES_AGGRESSIVE;
				CLANG_WARN_UNREACHABLE_CODE = YES;
				CLANG_WARN__DUPLICATE_METHOD_MATCH = YES;
				COPY_PHASE_STRIP = NO;
				DEBUG_INFORMATION_FORMAT = dwarf;
				ENABLE_STRICT_OBJC_MSGSEND = YES;
				ENABLE_TESTABILITY = YES;
				GCC_C_LANGUAGE_STANDARD = gnu11;
				GCC_DYNAMIC_NO_PIC = NO;
				GCC_NO_COMMON_BLOCKS = YES;
				GCC_OPTIMIZATION_LEVEL = 0;
				GCC_PREPROCESSOR_DEFINITIONS = (
					"DEBUG=1",
					"$(inherited)",
				);
				GCC_WARN_64_TO_32_BIT_CONVERSION = YES;
				GCC_WARN_ABOUT_RETURN_TYPE = YES_ERROR;
				GCC_WARN_UNDECLARED_SELECTOR = YES;
				GCC_WARN_UNINITIALIZED_AUTOS = YES_AGGRESSIVE;
				GCC_WARN_UNUSED_FUNCTION = YES;
				GCC_WARN_UNUSED_VARIABLE = YES;
				IPHONEOS_DEPLOYMENT_TARGET = 13.5;
				MTL_ENABLE_DEBUG_INFO = INCLUDE_SOURCE;
				MTL_FAST_MATH = YES;
				ONLY_ACTIVE_ARCH = YES;
				SDKROOT = iphoneos;
				SWIFT_ACTIVE_COMPILATION_CONDITIONS = DEBUG;
				SWIFT_OPTIMIZATION_LEVEL = "-Onone";
			};
			name = Debug;
		};
		B28D649324A69B7E0019FFEF /* Release */ = {
			isa = XCBuildConfiguration;
			buildSettings = {
				ALWAYS_SEARCH_USER_PATHS = NO;
				CLANG_ANALYZER_NONNULL = YES;
				CLANG_ANALYZER_NUMBER_OBJECT_CONVERSION = YES_AGGRESSIVE;
				CLANG_CXX_LANGUAGE_STANDARD = "gnu++14";
				CLANG_CXX_LIBRARY = "libc++";
				CLANG_ENABLE_MODULES = YES;
				CLANG_ENABLE_OBJC_ARC = YES;
				CLANG_ENABLE_OBJC_WEAK = YES;
				CLANG_WARN_BLOCK_CAPTURE_AUTORELEASING = YES;
				CLANG_WARN_BOOL_CONVERSION = YES;
				CLANG_WARN_COMMA = YES;
				CLANG_WARN_CONSTANT_CONVERSION = YES;
				CLANG_WARN_DEPRECATED_OBJC_IMPLEMENTATIONS = YES;
				CLANG_WARN_DIRECT_OBJC_ISA_USAGE = YES_ERROR;
				CLANG_WARN_DOCUMENTATION_COMMENTS = YES;
				CLANG_WARN_EMPTY_BODY = YES;
				CLANG_WARN_ENUM_CONVERSION = YES;
				CLANG_WARN_INFINITE_RECURSION = YES;
				CLANG_WARN_INT_CONVERSION = YES;
				CLANG_WARN_NON_LITERAL_NULL_CONVERSION = YES;
				CLANG_WARN_OBJC_IMPLICIT_RETAIN_SELF = YES;
				CLANG_WARN_OBJC_LITERAL_CONVERSION = YES;
				CLANG_WARN_OBJC_ROOT_CLASS = YES_ERROR;
				CLANG_WARN_RANGE_LOOP_ANALYSIS = YES;
				CLANG_WARN_STRICT_PROTOTYPES = YES;
				CLANG_WARN_SUSPICIOUS_MOVE = YES;
				CLANG_WARN_UNGUARDED_AVAILABILITY = YES_AGGRESSIVE;
				CLANG_WARN_UNREACHABLE_CODE = YES;
				CLANG_WARN__DUPLICATE_METHOD_MATCH = YES;
				COPY_PHASE_STRIP = NO;
				DEBUG_INFORMATION_FORMAT = "dwarf-with-dsym";
				ENABLE_NS_ASSERTIONS = NO;
				ENABLE_STRICT_OBJC_MSGSEND = YES;
				GCC_C_LANGUAGE_STANDARD = gnu11;
				GCC_NO_COMMON_BLOCKS = YES;
				GCC_WARN_64_TO_32_BIT_CONVERSION = YES;
				GCC_WARN_ABOUT_RETURN_TYPE = YES_ERROR;
				GCC_WARN_UNDECLARED_SELECTOR = YES;
				GCC_WARN_UNINITIALIZED_AUTOS = YES_AGGRESSIVE;
				GCC_WARN_UNUSED_FUNCTION = YES;
				GCC_WARN_UNUSED_VARIABLE = YES;
				IPHONEOS_DEPLOYMENT_TARGET = 13.5;
				MTL_ENABLE_DEBUG_INFO = NO;
				MTL_FAST_MATH = YES;
				SDKROOT = iphoneos;
				SWIFT_COMPILATION_MODE = wholemodule;
				SWIFT_OPTIMIZATION_LEVEL = "-O";
				VALIDATE_PRODUCT = YES;
			};
			name = Release;
		};
		B28D649524A69B7E0019FFEF /* Debug */ = {
			isa = XCBuildConfiguration;
			buildSettings = {
				ASSETCATALOG_COMPILER_APPICON_NAME = AppIcon;
				CODE_SIGN_STYLE = Automatic;
				DEVELOPMENT_TEAM = 8Z429WVSVA;
				INFOPLIST_FILE = GHFollow/Info.plist;
				LD_RUNPATH_SEARCH_PATHS = (
					"$(inherited)",
					"@executable_path/Frameworks",
				);
				PRODUCT_BUNDLE_IDENTIFIER = com.saulrivera.GHFollow;
				PRODUCT_NAME = "$(TARGET_NAME)";
				SWIFT_VERSION = 5.0;
				TARGETED_DEVICE_FAMILY = 1;
			};
			name = Debug;
		};
		B28D649624A69B7E0019FFEF /* Release */ = {
			isa = XCBuildConfiguration;
			buildSettings = {
				ASSETCATALOG_COMPILER_APPICON_NAME = AppIcon;
				CODE_SIGN_STYLE = Automatic;
				DEVELOPMENT_TEAM = 8Z429WVSVA;
				INFOPLIST_FILE = GHFollow/Info.plist;
				LD_RUNPATH_SEARCH_PATHS = (
					"$(inherited)",
					"@executable_path/Frameworks",
				);
				PRODUCT_BUNDLE_IDENTIFIER = com.saulrivera.GHFollow;
				PRODUCT_NAME = "$(TARGET_NAME)";
				SWIFT_VERSION = 5.0;
				TARGETED_DEVICE_FAMILY = 1;
			};
			name = Release;
		};
/* End XCBuildConfiguration section */

/* Begin XCConfigurationList section */
		B28D647B24A69B7A0019FFEF /* Build configuration list for PBXProject "GHFollow" */ = {
			isa = XCConfigurationList;
			buildConfigurations = (
				B28D649224A69B7E0019FFEF /* Debug */,
				B28D649324A69B7E0019FFEF /* Release */,
			);
			defaultConfigurationIsVisible = 0;
			defaultConfigurationName = Release;
		};
		B28D649424A69B7E0019FFEF /* Build configuration list for PBXNativeTarget "GHFollow" */ = {
			isa = XCConfigurationList;
			buildConfigurations = (
				B28D649524A69B7E0019FFEF /* Debug */,
				B28D649624A69B7E0019FFEF /* Release */,
			);
			defaultConfigurationIsVisible = 0;
			defaultConfigurationName = Release;
		};
/* End XCConfigurationList section */
	};
	rootObject = B28D647824A69B7A0019FFEF /* Project object */;
}
